
Microsoft Visual Studio Solution File, Format Version 12.00
# Visual Studio Version 16
VisualStudioVersion = 16.0.31129.286
MinimumVisualStudioVersion = 10.0.40219.1
Project("{FAE04EC0-301F-11D3-BF4B-00C04F79EFBC}") = "operatorler", "operatorler\operatorler.csproj", "{506BD4CF-7296-493E-BE98-A4B0E47F3394}"
EndProject
Global
	GlobalSection(SolutionConfigurationPlatforms) = preSolution
		Debug|Any CPU = Debug|Any CPU
		Release|Any CPU = Release|Any CPU
	EndGlobalSection
	GlobalSection(ProjectConfigurationPlatforms) = postSolution
		{506BD4CF-7296-493E-BE98-A4B0E47F3394}.Debug|Any CPU.ActiveCfg = Debug|Any CPU
		{506BD4CF-7296-493E-BE98-A4B0E47F3394}.Debug|Any CPU.Build.0 = Debug|Any CPU
		{506BD4CF-7296-493E-BE98-A4B0E47F3394}.Release|Any CPU.ActiveCfg = Release|Any CPU
		{506BD4CF-7296-493E-BE98-A4B0E47F3394}.Release|Any CPU.Build.0 = Release|Any CPU
	EndGlobalSection
	GlobalSection(SolutionProperties) = preSolution
		HideSolutionNode = FALSE
	EndGlobalSection
	GlobalSection(ExtensibilityGlobals) = postSolution
		SolutionGuid = {84136992-65A4-430C-B91D-BC0255175B5A}
	EndGlobalSection
EndGlobal
