
Microsoft Visual Studio Solution File, Format Version 12.00
# Visual Studio Version 16
VisualStudioVersion = 16.0.31129.286
MinimumVisualStudioVersion = 10.0.40219.1
Project("{FAE04EC0-301F-11D3-BF4B-00C04F79EFBC}") = "tipDonusum", "tipDonusum\tipDonusum.csproj", "{05EB892E-1CF6-4BE5-A53A-91C51A66F365}"
EndProject
Global
	GlobalSection(SolutionConfigurationPlatforms) = preSolution
		Debug|Any CPU = Debug|Any CPU
		Release|Any CPU = Release|Any CPU
	EndGlobalSection
	GlobalSection(ProjectConfigurationPlatforms) = postSolution
		{05EB892E-1CF6-4BE5-A53A-91C51A66F365}.Debug|Any CPU.ActiveCfg = Debug|Any CPU
		{05EB892E-1CF6-4BE5-A53A-91C51A66F365}.Debug|Any CPU.Build.0 = Debug|Any CPU
		{05EB892E-1CF6-4BE5-A53A-91C51A66F365}.Release|Any CPU.ActiveCfg = Release|Any CPU
		{05EB892E-1CF6-4BE5-A53A-91C51A66F365}.Release|Any CPU.Build.0 = Release|Any CPU
	EndGlobalSection
	GlobalSection(SolutionProperties) = preSolution
		HideSolutionNode = FALSE
	EndGlobalSection
	GlobalSection(ExtensibilityGlobals) = postSolution
		SolutionGuid = {64724C0E-8A52-49F9-A65E-3E2D91B864DA}
	EndGlobalSection
EndGlobal
