
Microsoft Visual Studio Solution File, Format Version 12.00
# Visual Studio Version 16
VisualStudioVersion = 16.0.31129.286
MinimumVisualStudioVersion = 10.0.40219.1
Project("{FAE04EC0-301F-11D3-BF4B-00C04F79EFBC}") = "soru_3", "soru_3\soru_3.csproj", "{179354C6-8768-4DBC-9D25-CF355EAF4280}"
EndProject
Global
	GlobalSection(SolutionConfigurationPlatforms) = preSolution
		Debug|Any CPU = Debug|Any CPU
		Release|Any CPU = Release|Any CPU
	EndGlobalSection
	GlobalSection(ProjectConfigurationPlatforms) = postSolution
		{179354C6-8768-4DBC-9D25-CF355EAF4280}.Debug|Any CPU.ActiveCfg = Debug|Any CPU
		{179354C6-8768-4DBC-9D25-CF355EAF4280}.Debug|Any CPU.Build.0 = Debug|Any CPU
		{179354C6-8768-4DBC-9D25-CF355EAF4280}.Release|Any CPU.ActiveCfg = Release|Any CPU
		{179354C6-8768-4DBC-9D25-CF355EAF4280}.Release|Any CPU.Build.0 = Release|Any CPU
	EndGlobalSection
	GlobalSection(SolutionProperties) = preSolution
		HideSolutionNode = FALSE
	EndGlobalSection
	GlobalSection(ExtensibilityGlobals) = postSolution
		SolutionGuid = {4705E4F9-9EC3-4D5C-8C17-BE5DD4983785}
	EndGlobalSection
EndGlobal
