
Microsoft Visual Studio Solution File, Format Version 12.00
# Visual Studio Version 16
VisualStudioVersion = 16.0.31129.286
MinimumVisualStudioVersion = 10.0.40219.1
Project("{FAE04EC0-301F-11D3-BF4B-00C04F79EFBC}") = "soru_1", "soru_1\soru_1.csproj", "{C23EA2E4-5122-43B9-9400-2DD49688BDA7}"
EndProject
Global
	GlobalSection(SolutionConfigurationPlatforms) = preSolution
		Debug|Any CPU = Debug|Any CPU
		Release|Any CPU = Release|Any CPU
	EndGlobalSection
	GlobalSection(ProjectConfigurationPlatforms) = postSolution
		{C23EA2E4-5122-43B9-9400-2DD49688BDA7}.Debug|Any CPU.ActiveCfg = Debug|Any CPU
		{C23EA2E4-5122-43B9-9400-2DD49688BDA7}.Debug|Any CPU.Build.0 = Debug|Any CPU
		{C23EA2E4-5122-43B9-9400-2DD49688BDA7}.Release|Any CPU.ActiveCfg = Release|Any CPU
		{C23EA2E4-5122-43B9-9400-2DD49688BDA7}.Release|Any CPU.Build.0 = Release|Any CPU
	EndGlobalSection
	GlobalSection(SolutionProperties) = preSolution
		HideSolutionNode = FALSE
	EndGlobalSection
	GlobalSection(ExtensibilityGlobals) = postSolution
		SolutionGuid = {EF7FEE2B-4E3E-4F62-BA69-4CC48824F13E}
	EndGlobalSection
EndGlobal
