
Microsoft Visual Studio Solution File, Format Version 12.00
# Visual Studio Version 16
VisualStudioVersion = 16.0.31129.286
MinimumVisualStudioVersion = 10.0.40219.1
Project("{FAE04EC0-301F-11D3-BF4B-00C04F79EFBC}") = "stringMethods", "stringMethods\stringMethods.csproj", "{AE5359A1-4A71-4B04-A0BB-6AF67BA55246}"
EndProject
Global
	GlobalSection(SolutionConfigurationPlatforms) = preSolution
		Debug|Any CPU = Debug|Any CPU
		Release|Any CPU = Release|Any CPU
	EndGlobalSection
	GlobalSection(ProjectConfigurationPlatforms) = postSolution
		{AE5359A1-4A71-4B04-A0BB-6AF67BA55246}.Debug|Any CPU.ActiveCfg = Debug|Any CPU
		{AE5359A1-4A71-4B04-A0BB-6AF67BA55246}.Debug|Any CPU.Build.0 = Debug|Any CPU
		{AE5359A1-4A71-4B04-A0BB-6AF67BA55246}.Release|Any CPU.ActiveCfg = Release|Any CPU
		{AE5359A1-4A71-4B04-A0BB-6AF67BA55246}.Release|Any CPU.Build.0 = Release|Any CPU
	EndGlobalSection
	GlobalSection(SolutionProperties) = preSolution
		HideSolutionNode = FALSE
	EndGlobalSection
	GlobalSection(ExtensibilityGlobals) = postSolution
		SolutionGuid = {86384679-CA90-4A4C-9E2D-E5012495E167}
	EndGlobalSection
EndGlobal
