
Microsoft Visual Studio Solution File, Format Version 12.00
# Visual Studio Version 16
VisualStudioVersion = 16.0.31129.286
MinimumVisualStudioVersion = 10.0.40219.1
Project("{FAE04EC0-301F-11D3-BF4B-00C04F79EFBC}") = "array-sinifi-metodlar", "array-sinifi-metodlar\array-sinifi-metodlar.csproj", "{17AF70A0-A603-40E2-9DD9-ABC0C23F66C3}"
EndProject
Global
	GlobalSection(SolutionConfigurationPlatforms) = preSolution
		Debug|Any CPU = Debug|Any CPU
		Release|Any CPU = Release|Any CPU
	EndGlobalSection
	GlobalSection(ProjectConfigurationPlatforms) = postSolution
		{17AF70A0-A603-40E2-9DD9-ABC0C23F66C3}.Debug|Any CPU.ActiveCfg = Debug|Any CPU
		{17AF70A0-A603-40E2-9DD9-ABC0C23F66C3}.Debug|Any CPU.Build.0 = Debug|Any CPU
		{17AF70A0-A603-40E2-9DD9-ABC0C23F66C3}.Release|Any CPU.ActiveCfg = Release|Any CPU
		{17AF70A0-A603-40E2-9DD9-ABC0C23F66C3}.Release|Any CPU.Build.0 = Release|Any CPU
	EndGlobalSection
	GlobalSection(SolutionProperties) = preSolution
		HideSolutionNode = FALSE
	EndGlobalSection
	GlobalSection(ExtensibilityGlobals) = postSolution
		SolutionGuid = {EC61F7C9-F198-4D52-9D2A-777E127437FA}
	EndGlobalSection
EndGlobal
